
Microsoft Visual Studio Solution File, Format Version 12.00
# Visual Studio Version 17
VisualStudioVersion = 17.6.33815.320
MinimumVisualStudioVersion = 10.0.40219.1
Project("{2150E333-8FDC-42A3-9474-1A3956D46DE8}") = "3.Aws Sqs", "3.Aws Sqs", "{AE28BEE1-B578-439A-B596-D991B9851F5A}"
EndProject
Project("{2150E333-8FDC-42A3-9474-1A3956D46DE8}") = "4.Aws Sns", "4.Aws Sns", "{BA648C25-CB9E-4FAA-AF91-86A37CCEA382}"
EndProject
Project("{2150E333-8FDC-42A3-9474-1A3956D46DE8}") = "5.Aws DynamoDb", "5.Aws DynamoDb", "{2C17779A-FD5B-4980-BEB0-4A19912178B7}"
EndProject
Project("{2150E333-8FDC-42A3-9474-1A3956D46DE8}") = "6.Aws S3", "6.Aws S3", "{6CC73189-9356-4EE7-B061-73D9395C30AC}"
EndProject
Project("{2150E333-8FDC-42A3-9474-1A3956D46DE8}") = "7.Aws SecretsManager", "7.Aws SecretsManager", "{8D27D9CA-8D14-4CD6-9827-A0837CFB03C3}"
EndProject
Project("{2150E333-8FDC-42A3-9474-1A3956D46DE8}") = "8.Aws Lambda", "8.Aws Lambda", "{DC84F474-F046-44B8-8D2E-BCE6A285FDF5}"
EndProject
Project("{9A19103F-16F7-4668-BE54-9A1E7A4F7556}") = "Customers.Api", "3.Aws Sqs\Customers.Api\Customers.Api.csproj", "{36F2056F-26D9-4FDD-ABFF-EC92426DD74A}"
EndProject
Project("{9A19103F-16F7-4668-BE54-9A1E7A4F7556}") = "Customers.Consumer", "3.Aws Sqs\Customers.Consumer\Customers.Consumer.csproj", "{364C2322-5A66-4C7B-B667-45D4A588BDB6}"
EndProject
Project("{9A19103F-16F7-4668-BE54-9A1E7A4F7556}") = "SqsConsumer", "3.Aws Sqs\SqsConsumer\SqsConsumer.csproj", "{0412EA99-2A5D-43D6-A2CC-ACE6A7A88337}"
EndProject
Project("{9A19103F-16F7-4668-BE54-9A1E7A4F7556}") = "SqsPublisher", "3.Aws Sqs\SqsPublisher\SqsPublisher.csproj", "{73461339-4524-493E-97EB-43289ADE06D8}"
EndProject
Project("{9A19103F-16F7-4668-BE54-9A1E7A4F7556}") = "Customers.Api", "4.Aws Sns\Customers.Api\Customers.Api.csproj", "{42DBD398-AC9B-47B2-A86C-AF71C15B2249}"
EndProject
Project("{9A19103F-16F7-4668-BE54-9A1E7A4F7556}") = "Customers.Consumer", "4.Aws Sns\Customers.Consumer\Customers.Consumer.csproj", "{150EC4D3-67A7-4106-A305-9FBB0AAA0E0F}"
EndProject
Project("{9A19103F-16F7-4668-BE54-9A1E7A4F7556}") = "SnsPublisher", "4.Aws Sns\SnsPublisher\SnsPublisher.csproj", "{C302F0F5-B444-4892-82E1-F26D3DE75010}"
EndProject
Project("{9A19103F-16F7-4668-BE54-9A1E7A4F7556}") = "SqsConsumer", "4.Aws Sns\SqsConsumer\SqsConsumer.csproj", "{A8066F49-DF29-436D-BC57-9370824F992F}"
EndProject
Project("{9A19103F-16F7-4668-BE54-9A1E7A4F7556}") = "Customers.Api", "5.Aws DynamoDb\Customers.Api\Customers.Api.csproj", "{0456A143-DA5C-49D7-8220-BED7DCC14E68}"
EndProject
Project("{9A19103F-16F7-4668-BE54-9A1E7A4F7556}") = "Movies.App", "5.Aws DynamoDb\Movies.App\Movies.App.csproj", "{5F8F6FB8-6C84-483B-A053-D5B6DA24E561}"
EndProject
Project("{9A19103F-16F7-4668-BE54-9A1E7A4F7556}") = "Customers.Api", "6.Aws S3\Customers.Api\Customers.Api.csproj", "{FEA342EF-05B2-40AF-9492-1F117FA63C20}"
EndProject
Project("{9A19103F-16F7-4668-BE54-9A1E7A4F7556}") = "S3Playground", "6.Aws S3\S3Playground\S3Playground.csproj", "{0C2BCE2A-6CAC-4F78-B85E-B6A40CCC514C}"
EndProject
Project("{9A19103F-16F7-4668-BE54-9A1E7A4F7556}") = "Weather.Api", "7.Aws SecretsManager\Weather.Api\Weather.Api.csproj", "{0D962D17-CC07-49DC-9EDC-23992BBD339F}"
EndProject
Project("{9A19103F-16F7-4668-BE54-9A1E7A4F7556}") = "SecretsManager.App", "7.Aws SecretsManager\SecretsManager.app\SecretsManager.App.csproj", "{7A4EFB4A-6017-4D3E-A9DF-E6748D3AEFFE}"
EndProject
Project("{9A19103F-16F7-4668-BE54-9A1E7A4F7556}") = "SimpleLambda", "8.Aws Lambda\SimpleLambda\SimpleLambda.csproj", "{515D6747-8054-4BB0-AE89-DC9C7436E168}"
EndProject
Project("{9A19103F-16F7-4668-BE54-9A1E7A4F7556}") = "SimpleHttpLambda", "8.Aws Lambda\SimpleHttpLambda\SimpleHttpLambda.csproj", "{0DE714C8-F2ED-4B7B-A1E7-AA2A4D135058}"
EndProject
Project("{9A19103F-16F7-4668-BE54-9A1E7A4F7556}") = "SimpleSqsLambda", "8.Aws Lambda\SimpleSqsLambda\SimpleSqsLambda.csproj", "{D3DE96F4-2226-46A9-80E6-AE6E603B33B9}"
EndProject
Project("{9A19103F-16F7-4668-BE54-9A1E7A4F7556}") = "SimpleSnsLambda", "8.Aws Lambda\SimpleSnsLambda\SimpleSnsLambda.csproj", "{A2C624F2-86C9-4608-A0B5-CA41D1B7F76B}"
EndProject
Project("{9A19103F-16F7-4668-BE54-9A1E7A4F7556}") = "SimpleDynamoDbLambda", "8.Aws Lambda\SimpleDynamoDbLambda\SimpleDynamoDbLambda.csproj", "{AE4740F6-0F72-4AC7-B06C-763229F3D134}"
EndProject
Project("{9A19103F-16F7-4668-BE54-9A1E7A4F7556}") = "SimpleS3Lambda", "8.Aws Lambda\SimpleS3Lambda\SimpleS3Lambda.csproj", "{3B3D2724-71B0-4F5D-B9D9-D72446214051}"
EndProject
Global
	GlobalSection(SolutionConfigurationPlatforms) = preSolution
		Debug|Any CPU = Debug|Any CPU
		Release|Any CPU = Release|Any CPU
	EndGlobalSection
	GlobalSection(ProjectConfigurationPlatforms) = postSolution
		{36F2056F-26D9-4FDD-ABFF-EC92426DD74A}.Debug|Any CPU.ActiveCfg = Debug|Any CPU
		{36F2056F-26D9-4FDD-ABFF-EC92426DD74A}.Debug|Any CPU.Build.0 = Debug|Any CPU
		{36F2056F-26D9-4FDD-ABFF-EC92426DD74A}.Release|Any CPU.ActiveCfg = Release|Any CPU
		{36F2056F-26D9-4FDD-ABFF-EC92426DD74A}.Release|Any CPU.Build.0 = Release|Any CPU
		{364C2322-5A66-4C7B-B667-45D4A588BDB6}.Debug|Any CPU.ActiveCfg = Debug|Any CPU
		{364C2322-5A66-4C7B-B667-45D4A588BDB6}.Debug|Any CPU.Build.0 = Debug|Any CPU
		{364C2322-5A66-4C7B-B667-45D4A588BDB6}.Release|Any CPU.ActiveCfg = Release|Any CPU
		{364C2322-5A66-4C7B-B667-45D4A588BDB6}.Release|Any CPU.Build.0 = Release|Any CPU
		{0412EA99-2A5D-43D6-A2CC-ACE6A7A88337}.Debug|Any CPU.ActiveCfg = Debug|Any CPU
		{0412EA99-2A5D-43D6-A2CC-ACE6A7A88337}.Debug|Any CPU.Build.0 = Debug|Any CPU
		{0412EA99-2A5D-43D6-A2CC-ACE6A7A88337}.Release|Any CPU.ActiveCfg = Release|Any CPU
		{0412EA99-2A5D-43D6-A2CC-ACE6A7A88337}.Release|Any CPU.Build.0 = Release|Any CPU
		{73461339-4524-493E-97EB-43289ADE06D8}.Debug|Any CPU.ActiveCfg = Debug|Any CPU
		{73461339-4524-493E-97EB-43289ADE06D8}.Debug|Any CPU.Build.0 = Debug|Any CPU
		{73461339-4524-493E-97EB-43289ADE06D8}.Release|Any CPU.ActiveCfg = Release|Any CPU
		{73461339-4524-493E-97EB-43289ADE06D8}.Release|Any CPU.Build.0 = Release|Any CPU
		{42DBD398-AC9B-47B2-A86C-AF71C15B2249}.Debug|Any CPU.ActiveCfg = Debug|Any CPU
		{42DBD398-AC9B-47B2-A86C-AF71C15B2249}.Debug|Any CPU.Build.0 = Debug|Any CPU
		{42DBD398-AC9B-47B2-A86C-AF71C15B2249}.Release|Any CPU.ActiveCfg = Release|Any CPU
		{42DBD398-AC9B-47B2-A86C-AF71C15B2249}.Release|Any CPU.Build.0 = Release|Any CPU
		{150EC4D3-67A7-4106-A305-9FBB0AAA0E0F}.Debug|Any CPU.ActiveCfg = Debug|Any CPU
		{150EC4D3-67A7-4106-A305-9FBB0AAA0E0F}.Debug|Any CPU.Build.0 = Debug|Any CPU
		{150EC4D3-67A7-4106-A305-9FBB0AAA0E0F}.Release|Any CPU.ActiveCfg = Release|Any CPU
		{150EC4D3-67A7-4106-A305-9FBB0AAA0E0F}.Release|Any CPU.Build.0 = Release|Any CPU
		{C302F0F5-B444-4892-82E1-F26D3DE75010}.Debug|Any CPU.ActiveCfg = Debug|Any CPU
		{C302F0F5-B444-4892-82E1-F26D3DE75010}.Debug|Any CPU.Build.0 = Debug|Any CPU
		{C302F0F5-B444-4892-82E1-F26D3DE75010}.Release|Any CPU.ActiveCfg = Release|Any CPU
		{C302F0F5-B444-4892-82E1-F26D3DE75010}.Release|Any CPU.Build.0 = Release|Any CPU
		{A8066F49-DF29-436D-BC57-9370824F992F}.Debug|Any CPU.ActiveCfg = Debug|Any CPU
		{A8066F49-DF29-436D-BC57-9370824F992F}.Debug|Any CPU.Build.0 = Debug|Any CPU
		{A8066F49-DF29-436D-BC57-9370824F992F}.Release|Any CPU.ActiveCfg = Release|Any CPU
		{A8066F49-DF29-436D-BC57-9370824F992F}.Release|Any CPU.Build.0 = Release|Any CPU
		{0456A143-DA5C-49D7-8220-BED7DCC14E68}.Debug|Any CPU.ActiveCfg = Debug|Any CPU
		{0456A143-DA5C-49D7-8220-BED7DCC14E68}.Debug|Any CPU.Build.0 = Debug|Any CPU
		{0456A143-DA5C-49D7-8220-BED7DCC14E68}.Release|Any CPU.ActiveCfg = Release|Any CPU
		{0456A143-DA5C-49D7-8220-BED7DCC14E68}.Release|Any CPU.Build.0 = Release|Any CPU
		{5F8F6FB8-6C84-483B-A053-D5B6DA24E561}.Debug|Any CPU.ActiveCfg = Debug|Any CPU
		{5F8F6FB8-6C84-483B-A053-D5B6DA24E561}.Debug|Any CPU.Build.0 = Debug|Any CPU
		{5F8F6FB8-6C84-483B-A053-D5B6DA24E561}.Release|Any CPU.ActiveCfg = Release|Any CPU
		{5F8F6FB8-6C84-483B-A053-D5B6DA24E561}.Release|Any CPU.Build.0 = Release|Any CPU
		{FEA342EF-05B2-40AF-9492-1F117FA63C20}.Debug|Any CPU.ActiveCfg = Debug|Any CPU
		{FEA342EF-05B2-40AF-9492-1F117FA63C20}.Debug|Any CPU.Build.0 = Debug|Any CPU
		{FEA342EF-05B2-40AF-9492-1F117FA63C20}.Release|Any CPU.ActiveCfg = Release|Any CPU
		{FEA342EF-05B2-40AF-9492-1F117FA63C20}.Release|Any CPU.Build.0 = Release|Any CPU
		{0C2BCE2A-6CAC-4F78-B85E-B6A40CCC514C}.Debug|Any CPU.ActiveCfg = Debug|Any CPU
		{0C2BCE2A-6CAC-4F78-B85E-B6A40CCC514C}.Debug|Any CPU.Build.0 = Debug|Any CPU
		{0C2BCE2A-6CAC-4F78-B85E-B6A40CCC514C}.Release|Any CPU.ActiveCfg = Release|Any CPU
		{0C2BCE2A-6CAC-4F78-B85E-B6A40CCC514C}.Release|Any CPU.Build.0 = Release|Any CPU
		{0D962D17-CC07-49DC-9EDC-23992BBD339F}.Debug|Any CPU.ActiveCfg = Debug|Any CPU
		{0D962D17-CC07-49DC-9EDC-23992BBD339F}.Debug|Any CPU.Build.0 = Debug|Any CPU
		{0D962D17-CC07-49DC-9EDC-23992BBD339F}.Release|Any CPU.ActiveCfg = Release|Any CPU
		{0D962D17-CC07-49DC-9EDC-23992BBD339F}.Release|Any CPU.Build.0 = Release|Any CPU
		{7A4EFB4A-6017-4D3E-A9DF-E6748D3AEFFE}.Debug|Any CPU.ActiveCfg = Debug|Any CPU
		{7A4EFB4A-6017-4D3E-A9DF-E6748D3AEFFE}.Debug|Any CPU.Build.0 = Debug|Any CPU
		{7A4EFB4A-6017-4D3E-A9DF-E6748D3AEFFE}.Release|Any CPU.ActiveCfg = Release|Any CPU
		{7A4EFB4A-6017-4D3E-A9DF-E6748D3AEFFE}.Release|Any CPU.Build.0 = Release|Any CPU
		{515D6747-8054-4BB0-AE89-DC9C7436E168}.Debug|Any CPU.ActiveCfg = Debug|Any CPU
		{515D6747-8054-4BB0-AE89-DC9C7436E168}.Debug|Any CPU.Build.0 = Debug|Any CPU
		{515D6747-8054-4BB0-AE89-DC9C7436E168}.Release|Any CPU.ActiveCfg = Release|Any CPU
		{515D6747-8054-4BB0-AE89-DC9C7436E168}.Release|Any CPU.Build.0 = Release|Any CPU
		{0DE714C8-F2ED-4B7B-A1E7-AA2A4D135058}.Debug|Any CPU.ActiveCfg = Debug|Any CPU
		{0DE714C8-F2ED-4B7B-A1E7-AA2A4D135058}.Debug|Any CPU.Build.0 = Debug|Any CPU
		{0DE714C8-F2ED-4B7B-A1E7-AA2A4D135058}.Release|Any CPU.ActiveCfg = Release|Any CPU
		{0DE714C8-F2ED-4B7B-A1E7-AA2A4D135058}.Release|Any CPU.Build.0 = Release|Any CPU
		{D3DE96F4-2226-46A9-80E6-AE6E603B33B9}.Debug|Any CPU.ActiveCfg = Debug|Any CPU
		{D3DE96F4-2226-46A9-80E6-AE6E603B33B9}.Debug|Any CPU.Build.0 = Debug|Any CPU
		{D3DE96F4-2226-46A9-80E6-AE6E603B33B9}.Release|Any CPU.ActiveCfg = Release|Any CPU
		{D3DE96F4-2226-46A9-80E6-AE6E603B33B9}.Release|Any CPU.Build.0 = Release|Any CPU
		{A2C624F2-86C9-4608-A0B5-CA41D1B7F76B}.Debug|Any CPU.ActiveCfg = Debug|Any CPU
		{A2C624F2-86C9-4608-A0B5-CA41D1B7F76B}.Debug|Any CPU.Build.0 = Debug|Any CPU
		{A2C624F2-86C9-4608-A0B5-CA41D1B7F76B}.Release|Any CPU.ActiveCfg = Release|Any CPU
		{A2C624F2-86C9-4608-A0B5-CA41D1B7F76B}.Release|Any CPU.Build.0 = Release|Any CPU
		{AE4740F6-0F72-4AC7-B06C-763229F3D134}.Debug|Any CPU.ActiveCfg = Debug|Any CPU
		{AE4740F6-0F72-4AC7-B06C-763229F3D134}.Debug|Any CPU.Build.0 = Debug|Any CPU
		{AE4740F6-0F72-4AC7-B06C-763229F3D134}.Release|Any CPU.ActiveCfg = Release|Any CPU
		{AE4740F6-0F72-4AC7-B06C-763229F3D134}.Release|Any CPU.Build.0 = Release|Any CPU
		{3B3D2724-71B0-4F5D-B9D9-D72446214051}.Debug|Any CPU.ActiveCfg = Debug|Any CPU
		{3B3D2724-71B0-4F5D-B9D9-D72446214051}.Debug|Any CPU.Build.0 = Debug|Any CPU
		{3B3D2724-71B0-4F5D-B9D9-D72446214051}.Release|Any CPU.ActiveCfg = Release|Any CPU
		{3B3D2724-71B0-4F5D-B9D9-D72446214051}.Release|Any CPU.Build.0 = Release|Any CPU
	EndGlobalSection
	GlobalSection(SolutionProperties) = preSolution
		HideSolutionNode = FALSE
	EndGlobalSection
	GlobalSection(NestedProjects) = preSolution
		{36F2056F-26D9-4FDD-ABFF-EC92426DD74A} = {AE28BEE1-B578-439A-B596-D991B9851F5A}
		{364C2322-5A66-4C7B-B667-45D4A588BDB6} = {AE28BEE1-B578-439A-B596-D991B9851F5A}
		{0412EA99-2A5D-43D6-A2CC-ACE6A7A88337} = {AE28BEE1-B578-439A-B596-D991B9851F5A}
		{73461339-4524-493E-97EB-43289ADE06D8} = {AE28BEE1-B578-439A-B596-D991B9851F5A}
		{42DBD398-AC9B-47B2-A86C-AF71C15B2249} = {BA648C25-CB9E-4FAA-AF91-86A37CCEA382}
		{150EC4D3-67A7-4106-A305-9FBB0AAA0E0F} = {BA648C25-CB9E-4FAA-AF91-86A37CCEA382}
		{C302F0F5-B444-4892-82E1-F26D3DE75010} = {BA648C25-CB9E-4FAA-AF91-86A37CCEA382}
		{A8066F49-DF29-436D-BC57-9370824F992F} = {BA648C25-CB9E-4FAA-AF91-86A37CCEA382}
		{0456A143-DA5C-49D7-8220-BED7DCC14E68} = {2C17779A-FD5B-4980-BEB0-4A19912178B7}
		{5F8F6FB8-6C84-483B-A053-D5B6DA24E561} = {2C17779A-FD5B-4980-BEB0-4A19912178B7}
		{FEA342EF-05B2-40AF-9492-1F117FA63C20} = {6CC73189-9356-4EE7-B061-73D9395C30AC}
		{0C2BCE2A-6CAC-4F78-B85E-B6A40CCC514C} = {6CC73189-9356-4EE7-B061-73D9395C30AC}
		{0D962D17-CC07-49DC-9EDC-23992BBD339F} = {8D27D9CA-8D14-4CD6-9827-A0837CFB03C3}
		{7A4EFB4A-6017-4D3E-A9DF-E6748D3AEFFE} = {8D27D9CA-8D14-4CD6-9827-A0837CFB03C3}
		{515D6747-8054-4BB0-AE89-DC9C7436E168} = {DC84F474-F046-44B8-8D2E-BCE6A285FDF5}
		{0DE714C8-F2ED-4B7B-A1E7-AA2A4D135058} = {DC84F474-F046-44B8-8D2E-BCE6A285FDF5}
		{D3DE96F4-2226-46A9-80E6-AE6E603B33B9} = {DC84F474-F046-44B8-8D2E-BCE6A285FDF5}
		{A2C624F2-86C9-4608-A0B5-CA41D1B7F76B} = {DC84F474-F046-44B8-8D2E-BCE6A285FDF5}
		{AE4740F6-0F72-4AC7-B06C-763229F3D134} = {DC84F474-F046-44B8-8D2E-BCE6A285FDF5}
		{3B3D2724-71B0-4F5D-B9D9-D72446214051} = {DC84F474-F046-44B8-8D2E-BCE6A285FDF5}
	EndGlobalSection
	GlobalSection(ExtensibilityGlobals) = postSolution
		SolutionGuid = {FA943F2F-5AC0-4A2D-98A4-EFAB71830D31}
	EndGlobalSection
EndGlobal
