
Microsoft Visual Studio Solution File, Format Version 12.00
# Visual Studio Version 17
VisualStudioVersion = 17.6.33815.320
MinimumVisualStudioVersion = 10.0.40219.1
Project("{2150E333-8FDC-42A3-9474-1A3956D46DE8}") = "3.Aws Sqs", "3.Aws Sqs", "{AE28BEE1-B578-439A-B596-D991B9851F5A}"
EndProject
Project("{2150E333-8FDC-42A3-9474-1A3956D46DE8}") = "4.Aws Sns", "4.Aws Sns", "{BA648C25-CB9E-4FAA-AF91-86A37CCEA382}"
EndProject
Project("{2150E333-8FDC-42A3-9474-1A3956D46DE8}") = "5.Aws DynamoDb", "5.Aws DynamoDb", "{2C17779A-FD5B-4980-BEB0-4A19912178B7}"
EndProject
Project("{2150E333-8FDC-42A3-9474-1A3956D46DE8}") = "6.Aws S3", "6.Aws S3", "{6CC73189-9356-4EE7-B061-73D9395C30AC}"
EndProject
Project("{2150E333-8FDC-42A3-9474-1A3956D46DE8}") = "7.Aws SecretsManager", "7.Aws SecretsManager", "{8D27D9CA-8D14-4CD6-9827-A0837CFB03C3}"
EndProject
Project("{2150E333-8FDC-42A3-9474-1A3956D46DE8}") = "8.Aws Lambda", "8.Aws Lambda", "{DC84F474-F046-44B8-8D2E-BCE6A285FDF5}"
EndProject
Project("{9A19103F-16F7-4668-BE54-9A1E7A4F7556}") = "SqsPublisher", "3.Sqs\SqsPublisher\SqsPublisher.csproj", "{BA1CFF61-AB45-4B02-90DA-30E147BD965B}"
EndProject
Project("{9A19103F-16F7-4668-BE54-9A1E7A4F7556}") = "SqsConsumer", "3.Sqs\SqsConsumer\SqsConsumer.csproj", "{1E95D0D5-5A38-4F55-B891-7C481A66157E}"
EndProject
Project("{9A19103F-16F7-4668-BE54-9A1E7A4F7556}") = "Customers.Api", "3.Sqs\Customers.Api\Customers.Api.csproj", "{E4D94472-653E-4E28-9E47-40B10EF731BD}"
EndProject
Project("{9A19103F-16F7-4668-BE54-9A1E7A4F7556}") = "Customers.Consumer", "3.Sqs\Customers.Consumer\Customers.Consumer.csproj", "{58111859-1E16-4F90-86D8-1793CB707B99}"
EndProject
Project("{9A19103F-16F7-4668-BE54-9A1E7A4F7556}") = "Customers.Api", "4.Sns\Customers.Api\Customers.Api.csproj", "{D53F4BFC-F187-4A13-85D7-738951D20AC5}"
EndProject
Project("{9A19103F-16F7-4668-BE54-9A1E7A4F7556}") = "Customers.Consumer", "4.Sns\Customers.Consumer\Customers.Consumer.csproj", "{2A999C66-4344-4BC4-A7A2-B98571F34E3A}"
EndProject
Project("{9A19103F-16F7-4668-BE54-9A1E7A4F7556}") = "SqsConsumer", "4.Sns\SqsConsumer\SqsConsumer.csproj", "{72BF4243-9CA2-4F8B-9EAC-57D273250B96}"
EndProject
Project("{FAE04EC0-301F-11D3-BF4B-00C04F79EFBC}") = "SnsPublisher", "4.Sns\SnsPublisher\SnsPublisher.csproj", "{A5EF9210-B479-498D-AB3B-AD65DDD68765}"
EndProject
Project("{9A19103F-16F7-4668-BE54-9A1E7A4F7556}") = "Customers.Api", "5.DynamoDb\Customers.Api\Customers.Api.csproj", "{E22CFDA0-2819-4CFC-948F-5D70A8C3AD82}"
EndProject
Project("{9A19103F-16F7-4668-BE54-9A1E7A4F7556}") = "Movies.Api", "5.DynamoDb\Movies.Api\Movies.Api.csproj", "{76D4F170-B0C4-4FC3-A616-E58475B61A95}"
EndProject
Global
	GlobalSection(SolutionConfigurationPlatforms) = preSolution
		Debug|Any CPU = Debug|Any CPU
		Release|Any CPU = Release|Any CPU
	EndGlobalSection
	GlobalSection(ProjectConfigurationPlatforms) = postSolution
		{BA1CFF61-AB45-4B02-90DA-30E147BD965B}.Debug|Any CPU.ActiveCfg = Debug|Any CPU
		{BA1CFF61-AB45-4B02-90DA-30E147BD965B}.Debug|Any CPU.Build.0 = Debug|Any CPU
		{BA1CFF61-AB45-4B02-90DA-30E147BD965B}.Release|Any CPU.ActiveCfg = Release|Any CPU
		{BA1CFF61-AB45-4B02-90DA-30E147BD965B}.Release|Any CPU.Build.0 = Release|Any CPU
		{1E95D0D5-5A38-4F55-B891-7C481A66157E}.Debug|Any CPU.ActiveCfg = Debug|Any CPU
		{1E95D0D5-5A38-4F55-B891-7C481A66157E}.Debug|Any CPU.Build.0 = Debug|Any CPU
		{1E95D0D5-5A38-4F55-B891-7C481A66157E}.Release|Any CPU.ActiveCfg = Release|Any CPU
		{1E95D0D5-5A38-4F55-B891-7C481A66157E}.Release|Any CPU.Build.0 = Release|Any CPU
		{E4D94472-653E-4E28-9E47-40B10EF731BD}.Debug|Any CPU.ActiveCfg = Debug|Any CPU
		{E4D94472-653E-4E28-9E47-40B10EF731BD}.Debug|Any CPU.Build.0 = Debug|Any CPU
		{E4D94472-653E-4E28-9E47-40B10EF731BD}.Release|Any CPU.ActiveCfg = Release|Any CPU
		{E4D94472-653E-4E28-9E47-40B10EF731BD}.Release|Any CPU.Build.0 = Release|Any CPU
		{58111859-1E16-4F90-86D8-1793CB707B99}.Debug|Any CPU.ActiveCfg = Debug|Any CPU
		{58111859-1E16-4F90-86D8-1793CB707B99}.Debug|Any CPU.Build.0 = Debug|Any CPU
		{58111859-1E16-4F90-86D8-1793CB707B99}.Release|Any CPU.ActiveCfg = Release|Any CPU
		{58111859-1E16-4F90-86D8-1793CB707B99}.Release|Any CPU.Build.0 = Release|Any CPU
		{D53F4BFC-F187-4A13-85D7-738951D20AC5}.Debug|Any CPU.ActiveCfg = Debug|Any CPU
		{D53F4BFC-F187-4A13-85D7-738951D20AC5}.Debug|Any CPU.Build.0 = Debug|Any CPU
		{D53F4BFC-F187-4A13-85D7-738951D20AC5}.Release|Any CPU.ActiveCfg = Release|Any CPU
		{D53F4BFC-F187-4A13-85D7-738951D20AC5}.Release|Any CPU.Build.0 = Release|Any CPU
		{2A999C66-4344-4BC4-A7A2-B98571F34E3A}.Debug|Any CPU.ActiveCfg = Debug|Any CPU
		{2A999C66-4344-4BC4-A7A2-B98571F34E3A}.Debug|Any CPU.Build.0 = Debug|Any CPU
		{2A999C66-4344-4BC4-A7A2-B98571F34E3A}.Release|Any CPU.ActiveCfg = Release|Any CPU
		{2A999C66-4344-4BC4-A7A2-B98571F34E3A}.Release|Any CPU.Build.0 = Release|Any CPU
		{72BF4243-9CA2-4F8B-9EAC-57D273250B96}.Debug|Any CPU.ActiveCfg = Debug|Any CPU
		{72BF4243-9CA2-4F8B-9EAC-57D273250B96}.Debug|Any CPU.Build.0 = Debug|Any CPU
		{72BF4243-9CA2-4F8B-9EAC-57D273250B96}.Release|Any CPU.ActiveCfg = Release|Any CPU
		{72BF4243-9CA2-4F8B-9EAC-57D273250B96}.Release|Any CPU.Build.0 = Release|Any CPU
		{A5EF9210-B479-498D-AB3B-AD65DDD68765}.Debug|Any CPU.ActiveCfg = Debug|Any CPU
		{A5EF9210-B479-498D-AB3B-AD65DDD68765}.Debug|Any CPU.Build.0 = Debug|Any CPU
		{A5EF9210-B479-498D-AB3B-AD65DDD68765}.Release|Any CPU.ActiveCfg = Release|Any CPU
		{A5EF9210-B479-498D-AB3B-AD65DDD68765}.Release|Any CPU.Build.0 = Release|Any CPU
		{E22CFDA0-2819-4CFC-948F-5D70A8C3AD82}.Debug|Any CPU.ActiveCfg = Debug|Any CPU
		{E22CFDA0-2819-4CFC-948F-5D70A8C3AD82}.Debug|Any CPU.Build.0 = Debug|Any CPU
		{E22CFDA0-2819-4CFC-948F-5D70A8C3AD82}.Release|Any CPU.ActiveCfg = Release|Any CPU
		{E22CFDA0-2819-4CFC-948F-5D70A8C3AD82}.Release|Any CPU.Build.0 = Release|Any CPU
		{76D4F170-B0C4-4FC3-A616-E58475B61A95}.Debug|Any CPU.ActiveCfg = Debug|Any CPU
		{76D4F170-B0C4-4FC3-A616-E58475B61A95}.Debug|Any CPU.Build.0 = Debug|Any CPU
		{76D4F170-B0C4-4FC3-A616-E58475B61A95}.Release|Any CPU.ActiveCfg = Release|Any CPU
		{76D4F170-B0C4-4FC3-A616-E58475B61A95}.Release|Any CPU.Build.0 = Release|Any CPU
	EndGlobalSection
	GlobalSection(SolutionProperties) = preSolution
		HideSolutionNode = FALSE
	EndGlobalSection
	GlobalSection(NestedProjects) = preSolution
		{BA1CFF61-AB45-4B02-90DA-30E147BD965B} = {AE28BEE1-B578-439A-B596-D991B9851F5A}
		{1E95D0D5-5A38-4F55-B891-7C481A66157E} = {AE28BEE1-B578-439A-B596-D991B9851F5A}
		{E4D94472-653E-4E28-9E47-40B10EF731BD} = {AE28BEE1-B578-439A-B596-D991B9851F5A}
		{58111859-1E16-4F90-86D8-1793CB707B99} = {AE28BEE1-B578-439A-B596-D991B9851F5A}
		{D53F4BFC-F187-4A13-85D7-738951D20AC5} = {BA648C25-CB9E-4FAA-AF91-86A37CCEA382}
		{2A999C66-4344-4BC4-A7A2-B98571F34E3A} = {BA648C25-CB9E-4FAA-AF91-86A37CCEA382}
		{72BF4243-9CA2-4F8B-9EAC-57D273250B96} = {BA648C25-CB9E-4FAA-AF91-86A37CCEA382}
		{A5EF9210-B479-498D-AB3B-AD65DDD68765} = {BA648C25-CB9E-4FAA-AF91-86A37CCEA382}
		{E22CFDA0-2819-4CFC-948F-5D70A8C3AD82} = {2C17779A-FD5B-4980-BEB0-4A19912178B7}
		{76D4F170-B0C4-4FC3-A616-E58475B61A95} = {2C17779A-FD5B-4980-BEB0-4A19912178B7}
	EndGlobalSection
	GlobalSection(ExtensibilityGlobals) = postSolution
		SolutionGuid = {FA943F2F-5AC0-4A2D-98A4-EFAB71830D31}
	EndGlobalSection
EndGlobal
